// !$*UTF8*$!
{
	archiveVersion = 1;
	classes = {
	};
	objectVersion = 56;
	objects = {

/* Begin PBXBuildFile section */
		CF0B26462C88B18900FBBB4A /* Persistence.swift in Sources */ = {isa = PBXBuildFile; fileRef = CF0B26452C88B18900FBBB4A /* Persistence.swift */; };
		CF690EA52C87FC1E003277C3 /* miniiurlApp.swift in Sources */ = {isa = PBXBuildFile; fileRef = CF690EA42C87FC1E003277C3 /* miniiurlApp.swift */; };
		CF690EA72C87FC1E003277C3 /* ContentView.swift in Sources */ = {isa = PBXBuildFile; fileRef = CF690EA62C87FC1E003277C3 /* ContentView.swift */; };
		CF690EA92C87FC20003277C3 /* Assets.xcassets in Resources */ = {isa = PBXBuildFile; fileRef = CF690EA82C87FC20003277C3 /* Assets.xcassets */; };
		CF690EAC2C87FC20003277C3 /* Preview Assets.xcassets in Resources */ = {isa = PBXBuildFile; fileRef = CF690EAB2C87FC20003277C3 /* Preview Assets.xcassets */; };
		CF690EB72C87FC20003277C3 /* miniiurlTests.swift in Sources */ = {isa = PBXBuildFile; fileRef = CF690EB62C87FC20003277C3 /* miniiurlTests.swift */; };
		CF690EC12C87FC20003277C3 /* miniiurlUITests.swift in Sources */ = {isa = PBXBuildFile; fileRef = CF690EC02C87FC20003277C3 /* miniiurlUITests.swift */; };
		CF690EC32C87FC20003277C3 /* miniiurlUITestsLaunchTests.swift in Sources */ = {isa = PBXBuildFile; fileRef = CF690EC22C87FC20003277C3 /* miniiurlUITestsLaunchTests.swift */; };
		CF690ED22C880510003277C3 /* AppDelegate.swift in Sources */ = {isa = PBXBuildFile; fileRef = CF690ED12C880510003277C3 /* AppDelegate.swift */; };
		CF690ED62C880624003277C3 /* PopoverView.swift in Sources */ = {isa = PBXBuildFile; fileRef = CF690ED52C880624003277C3 /* PopoverView.swift */; };
		CF690ED82C880852003277C3 /* StatusBarController.swift in Sources */ = {isa = PBXBuildFile; fileRef = CF690ED72C880852003277C3 /* StatusBarController.swift */; };
/* End PBXBuildFile section */

/* Begin PBXContainerItemProxy section */
		CF690EB32C87FC20003277C3 /* PBXContainerItemProxy */ = {
			isa = PBXContainerItemProxy;
			containerPortal = CF690E992C87FC1E003277C3 /* Project object */;
			proxyType = 1;
			remoteGlobalIDString = CF690EA02C87FC1E003277C3;
			remoteInfo = miniiurl;
		};
		CF690EBD2C87FC20003277C3 /* PBXContainerItemProxy */ = {
			isa = PBXContainerItemProxy;
			containerPortal = CF690E992C87FC1E003277C3 /* Project object */;
			proxyType = 1;
			remoteGlobalIDString = CF690EA02C87FC1E003277C3;
			remoteInfo = miniiurl;
		};
/* End PBXContainerItemProxy section */

/* Begin PBXFileReference section */
		CF0B26452C88B18900FBBB4A /* Persistence.swift */ = {isa = PBXFileReference; lastKnownFileType = sourcecode.swift; path = Persistence.swift; sourceTree = "<group>"; };
		CF690EA12C87FC1E003277C3 /* miniiurl.app */ = {isa = PBXFileReference; explicitFileType = wrapper.application; includeInIndex = 0; path = miniiurl.app; sourceTree = BUILT_PRODUCTS_DIR; };
		CF690EA42C87FC1E003277C3 /* miniiurlApp.swift */ = {isa = PBXFileReference; lastKnownFileType = sourcecode.swift; path = miniiurlApp.swift; sourceTree = "<group>"; };
		CF690EA62C87FC1E003277C3 /* ContentView.swift */ = {isa = PBXFileReference; lastKnownFileType = sourcecode.swift; path = ContentView.swift; sourceTree = "<group>"; };
		CF690EA82C87FC20003277C3 /* Assets.xcassets */ = {isa = PBXFileReference; lastKnownFileType = folder.assetcatalog; path = Assets.xcassets; sourceTree = "<group>"; };
		CF690EAB2C87FC20003277C3 /* Preview Assets.xcassets */ = {isa = PBXFileReference; lastKnownFileType = folder.assetcatalog; path = "Preview Assets.xcassets"; sourceTree = "<group>"; };
		CF690EAD2C87FC20003277C3 /* miniiurl.entitlements */ = {isa = PBXFileReference; lastKnownFileType = text.plist.entitlements; path = miniiurl.entitlements; sourceTree = "<group>"; };
		CF690EB22C87FC20003277C3 /* miniiurlTests.xctest */ = {isa = PBXFileReference; explicitFileType = wrapper.cfbundle; includeInIndex = 0; path = miniiurlTests.xctest; sourceTree = BUILT_PRODUCTS_DIR; };
		CF690EB62C87FC20003277C3 /* miniiurlTests.swift */ = {isa = PBXFileReference; lastKnownFileType = sourcecode.swift; path = miniiurlTests.swift; sourceTree = "<group>"; };
		CF690EBC2C87FC20003277C3 /* miniiurlUITests.xctest */ = {isa = PBXFileReference; explicitFileType = wrapper.cfbundle; includeInIndex = 0; path = miniiurlUITests.xctest; sourceTree = BUILT_PRODUCTS_DIR; };
		CF690EC02C87FC20003277C3 /* miniiurlUITests.swift */ = {isa = PBXFileReference; lastKnownFileType = sourcecode.swift; path = miniiurlUITests.swift; sourceTree = "<group>"; };
		CF690EC22C87FC20003277C3 /* miniiurlUITestsLaunchTests.swift */ = {isa = PBXFileReference; lastKnownFileType = sourcecode.swift; path = miniiurlUITestsLaunchTests.swift; sourceTree = "<group>"; };
		CF690ED12C880510003277C3 /* AppDelegate.swift */ = {isa = PBXFileReference; lastKnownFileType = sourcecode.swift; path = AppDelegate.swift; sourceTree = "<group>"; };
		CF690ED52C880624003277C3 /* PopoverView.swift */ = {isa = PBXFileReference; lastKnownFileType = sourcecode.swift; path = PopoverView.swift; sourceTree = "<group>"; };
		CF690ED72C880852003277C3 /* StatusBarController.swift */ = {isa = PBXFileReference; lastKnownFileType = sourcecode.swift; path = StatusBarController.swift; sourceTree = "<group>"; };
/* End PBXFileReference section */

/* Begin PBXFrameworksBuildPhase section */
		CF690E9E2C87FC1E003277C3 /* Frameworks */ = {
			isa = PBXFrameworksBuildPhase;
			buildActionMask = 2147483647;
			files = (
			);
			runOnlyForDeploymentPostprocessing = 0;
		};
		CF690EAF2C87FC20003277C3 /* Frameworks */ = {
			isa = PBXFrameworksBuildPhase;
			buildActionMask = 2147483647;
			files = (
			);
			runOnlyForDeploymentPostprocessing = 0;
		};
		CF690EB92C87FC20003277C3 /* Frameworks */ = {
			isa = PBXFrameworksBuildPhase;
			buildActionMask = 2147483647;
			files = (
			);
			runOnlyForDeploymentPostprocessing = 0;
		};
/* End PBXFrameworksBuildPhase section */

/* Begin PBXGroup section */
		CF690E982C87FC1E003277C3 = {
			isa = PBXGroup;
			children = (
				CF690EA32C87FC1E003277C3 /* miniiurl */,
				CF690EB52C87FC20003277C3 /* miniiurlTests */,
				CF690EBF2C87FC20003277C3 /* miniiurlUITests */,
				CF690EA22C87FC1E003277C3 /* Products */,
			);
			sourceTree = "<group>";
		};
		CF690EA22C87FC1E003277C3 /* Products */ = {
			isa = PBXGroup;
			children = (
				CF690EA12C87FC1E003277C3 /* miniiurl.app */,
				CF690EB22C87FC20003277C3 /* miniiurlTests.xctest */,
				CF690EBC2C87FC20003277C3 /* miniiurlUITests.xctest */,
			);
			name = Products;
			sourceTree = "<group>";
		};
		CF690EA32C87FC1E003277C3 /* miniiurl */ = {
			isa = PBXGroup;
			children = (
				CF690ED02C8804EC003277C3 /* Menubar */,
				CF690EA42C87FC1E003277C3 /* miniiurlApp.swift */,
				CF690EA62C87FC1E003277C3 /* ContentView.swift */,
				CF690EA82C87FC20003277C3 /* Assets.xcassets */,
				CF690EAD2C87FC20003277C3 /* miniiurl.entitlements */,
				CF690EAA2C87FC20003277C3 /* Preview Content */,
				CF690ED52C880624003277C3 /* PopoverView.swift */,
				CF0B26452C88B18900FBBB4A /* Persistence.swift */,
			);
			path = miniiurl;
			sourceTree = "<group>";
		};
		CF690EAA2C87FC20003277C3 /* Preview Content */ = {
			isa = PBXGroup;
			children = (
				CF690EAB2C87FC20003277C3 /* Preview Assets.xcassets */,
			);
			path = "Preview Content";
			sourceTree = "<group>";
		};
		CF690EB52C87FC20003277C3 /* miniiurlTests */ = {
			isa = PBXGroup;
			children = (
				CF690EB62C87FC20003277C3 /* miniiurlTests.swift */,
			);
			path = miniiurlTests;
			sourceTree = "<group>";
		};
		CF690EBF2C87FC20003277C3 /* miniiurlUITests */ = {
			isa = PBXGroup;
			children = (
				CF690EC02C87FC20003277C3 /* miniiurlUITests.swift */,
				CF690EC22C87FC20003277C3 /* miniiurlUITestsLaunchTests.swift */,
			);
			path = miniiurlUITests;
			sourceTree = "<group>";
		};
		CF690ED02C8804EC003277C3 /* Menubar */ = {
			isa = PBXGroup;
			children = (
				CF690ED12C880510003277C3 /* AppDelegate.swift */,
				CF690ED72C880852003277C3 /* StatusBarController.swift */,
			);
			path = Menubar;
			sourceTree = "<group>";
		};
/* End PBXGroup section */

/* Begin PBXNativeTarget section */
		CF690EA02C87FC1E003277C3 /* miniiurl */ = {
			isa = PBXNativeTarget;
			buildConfigurationList = CF690EC62C87FC20003277C3 /* Build configuration list for PBXNativeTarget "miniiurl" */;
			buildPhases = (
				CF690E9D2C87FC1E003277C3 /* Sources */,
				CF690E9E2C87FC1E003277C3 /* Frameworks */,
				CF690E9F2C87FC1E003277C3 /* Resources */,
			);
			buildRules = (
			);
			dependencies = (
			);
			name = miniiurl;
			productName = miniiurl;
			productReference = CF690EA12C87FC1E003277C3 /* miniiurl.app */;
			productType = "com.apple.product-type.application";
		};
		CF690EB12C87FC20003277C3 /* miniiurlTests */ = {
			isa = PBXNativeTarget;
			buildConfigurationList = CF690EC92C87FC20003277C3 /* Build configuration list for PBXNativeTarget "miniiurlTests" */;
			buildPhases = (
				CF690EAE2C87FC20003277C3 /* Sources */,
				CF690EAF2C87FC20003277C3 /* Frameworks */,
				CF690EB02C87FC20003277C3 /* Resources */,
			);
			buildRules = (
			);
			dependencies = (
				CF690EB42C87FC20003277C3 /* PBXTargetDependency */,
			);
			name = miniiurlTests;
			productName = miniiurlTests;
			productReference = CF690EB22C87FC20003277C3 /* miniiurlTests.xctest */;
			productType = "com.apple.product-type.bundle.unit-test";
		};
		CF690EBB2C87FC20003277C3 /* miniiurlUITests */ = {
			isa = PBXNativeTarget;
			buildConfigurationList = CF690ECC2C87FC20003277C3 /* Build configuration list for PBXNativeTarget "miniiurlUITests" */;
			buildPhases = (
				CF690EB82C87FC20003277C3 /* Sources */,
				CF690EB92C87FC20003277C3 /* Frameworks */,
				CF690EBA2C87FC20003277C3 /* Resources */,
			);
			buildRules = (
			);
			dependencies = (
				CF690EBE2C87FC20003277C3 /* PBXTargetDependency */,
			);
			name = miniiurlUITests;
			productName = miniiurlUITests;
			productReference = CF690EBC2C87FC20003277C3 /* miniiurlUITests.xctest */;
			productType = "com.apple.product-type.bundle.ui-testing";
		};
/* End PBXNativeTarget section */

/* Begin PBXProject section */
		CF690E992C87FC1E003277C3 /* Project object */ = {
			isa = PBXProject;
			attributes = {
				BuildIndependentTargetsInParallel = 1;
				LastSwiftUpdateCheck = 1540;
				LastUpgradeCheck = 1540;
				TargetAttributes = {
					CF690EA02C87FC1E003277C3 = {
						CreatedOnToolsVersion = 15.4;
					};
					CF690EB12C87FC20003277C3 = {
						CreatedOnToolsVersion = 15.4;
						TestTargetID = CF690EA02C87FC1E003277C3;
					};
					CF690EBB2C87FC20003277C3 = {
						CreatedOnToolsVersion = 15.4;
						TestTargetID = CF690EA02C87FC1E003277C3;
					};
				};
			};
			buildConfigurationList = CF690E9C2C87FC1E003277C3 /* Build configuration list for PBXProject "miniiurl" */;
			compatibilityVersion = "Xcode 14.0";
			developmentRegion = en;
			hasScannedForEncodings = 0;
			knownRegions = (
				en,
				Base,
			);
			mainGroup = CF690E982C87FC1E003277C3;
			productRefGroup = CF690EA22C87FC1E003277C3 /* Products */;
			projectDirPath = "";
			projectRoot = "";
			targets = (
				CF690EA02C87FC1E003277C3 /* miniiurl */,
				CF690EB12C87FC20003277C3 /* miniiurlTests */,
				CF690EBB2C87FC20003277C3 /* miniiurlUITests */,
			);
		};
/* End PBXProject section */

/* Begin PBXResourcesBuildPhase section */
		CF690E9F2C87FC1E003277C3 /* Resources */ = {
			isa = PBXResourcesBuildPhase;
			buildActionMask = 2147483647;
			files = (
				CF690EAC2C87FC20003277C3 /* Preview Assets.xcassets in Resources */,
				CF690EA92C87FC20003277C3 /* Assets.xcassets in Resources */,
			);
			runOnlyForDeploymentPostprocessing = 0;
		};
		CF690EB02C87FC20003277C3 /* Resources */ = {
			isa = PBXResourcesBuildPhase;
			buildActionMask = 2147483647;
			files = (
			);
			runOnlyForDeploymentPostprocessing = 0;
		};
		CF690EBA2C87FC20003277C3 /* Resources */ = {
			isa = PBXResourcesBuildPhase;
			buildActionMask = 2147483647;
			files = (
			);
			runOnlyForDeploymentPostprocessing = 0;
		};
/* End PBXResourcesBuildPhase section */

/* Begin PBXSourcesBuildPhase section */
		CF690E9D2C87FC1E003277C3 /* Sources */ = {
			isa = PBXSourcesBuildPhase;
			buildActionMask = 2147483647;
			files = (
				CF690ED22C880510003277C3 /* AppDelegate.swift in Sources */,
				CF690EA72C87FC1E003277C3 /* ContentView.swift in Sources */,
				CF690ED62C880624003277C3 /* PopoverView.swift in Sources */,
				CF0B26462C88B18900FBBB4A /* Persistence.swift in Sources */,
				CF690ED82C880852003277C3 /* StatusBarController.swift in Sources */,
				CF690EA52C87FC1E003277C3 /* miniiurlApp.swift in Sources */,
			);
			runOnlyForDeploymentPostprocessing = 0;
		};
		CF690EAE2C87FC20003277C3 /* Sources */ = {
			isa = PBXSourcesBuildPhase;
			buildActionMask = 2147483647;
			files = (
				CF690EB72C87FC20003277C3 /* miniiurlTests.swift in Sources */,
			);
			runOnlyForDeploymentPostprocessing = 0;
		};
		CF690EB82C87FC20003277C3 /* Sources */ = {
			isa = PBXSourcesBuildPhase;
			buildActionMask = 2147483647;
			files = (
				CF690EC32C87FC20003277C3 /* miniiurlUITestsLaunchTests.swift in Sources */,
				CF690EC12C87FC20003277C3 /* miniiurlUITests.swift in Sources */,
			);
			runOnlyForDeploymentPostprocessing = 0;
		};
/* End PBXSourcesBuildPhase section */

/* Begin PBXTargetDependency section */
		CF690EB42C87FC20003277C3 /* PBXTargetDependency */ = {
			isa = PBXTargetDependency;
			target = CF690EA02C87FC1E003277C3 /* miniiurl */;
			targetProxy = CF690EB32C87FC20003277C3 /* PBXContainerItemProxy */;
		};
		CF690EBE2C87FC20003277C3 /* PBXTargetDependency */ = {
			isa = PBXTargetDependency;
			target = CF690EA02C87FC1E003277C3 /* miniiurl */;
			targetProxy = CF690EBD2C87FC20003277C3 /* PBXContainerItemProxy */;
		};
/* End PBXTargetDependency section */

/* Begin XCBuildConfiguration section */
		CF690EC42C87FC20003277C3 /* Debug */ = {
			isa = XCBuildConfiguration;
			buildSettings = {
				ALWAYS_SEARCH_USER_PATHS = NO;
				ASSETCATALOG_COMPILER_GENERATE_SWIFT_ASSET_SYMBOL_EXTENSIONS = YES;
				CLANG_ANALYZER_NONNULL = YES;
				CLANG_ANALYZER_NUMBER_OBJECT_CONVERSION = YES_AGGRESSIVE;
				CLANG_CXX_LANGUAGE_STANDARD = "gnu++20";
				CLANG_ENABLE_MODULES = YES;
				CLANG_ENABLE_OBJC_ARC = YES;
				CLANG_ENABLE_OBJC_WEAK = YES;
				CLANG_WARN_BLOCK_CAPTURE_AUTORELEASING = YES;
				CLANG_WARN_BOOL_CONVERSION = YES;
				CLANG_WARN_COMMA = YES;
				CLANG_WARN_CONSTANT_CONVERSION = YES;
				CLANG_WARN_DEPRECATED_OBJC_IMPLEMENTATIONS = YES;
				CLANG_WARN_DIRECT_OBJC_ISA_USAGE = YES_ERROR;
				CLANG_WARN_DOCUMENTATION_COMMENTS = YES;
				CLANG_WARN_EMPTY_BODY = YES;
				CLANG_WARN_ENUM_CONVERSION = YES;
				CLANG_WARN_INFINITE_RECURSION = YES;
				CLANG_WARN_INT_CONVERSION = YES;
				CLANG_WARN_NON_LITERAL_NULL_CONVERSION = YES;
				CLANG_WARN_OBJC_IMPLICIT_RETAIN_SELF = YES;
				CLANG_WARN_OBJC_LITERAL_CONVERSION = YES;
				CLANG_WARN_OBJC_ROOT_CLASS = YES_ERROR;
				CLANG_WARN_QUOTED_INCLUDE_IN_FRAMEWORK_HEADER = YES;
				CLANG_WARN_RANGE_LOOP_ANALYSIS = YES;
				CLANG_WARN_STRICT_PROTOTYPES = YES;
				CLANG_WARN_SUSPICIOUS_MOVE = YES;
				CLANG_WARN_UNGUARDED_AVAILABILITY = YES_AGGRESSIVE;
				CLANG_WARN_UNREACHABLE_CODE = YES;
				CLANG_WARN__DUPLICATE_METHOD_MATCH = YES;
				COPY_PHASE_STRIP = NO;
				DEBUG_INFORMATION_FORMAT = dwarf;
				ENABLE_STRICT_OBJC_MSGSEND = YES;
				ENABLE_TESTABILITY = YES;
				ENABLE_USER_SCRIPT_SANDBOXING = YES;
				GCC_C_LANGUAGE_STANDARD = gnu17;
				GCC_DYNAMIC_NO_PIC = NO;
				GCC_NO_COMMON_BLOCKS = YES;
				GCC_OPTIMIZATION_LEVEL = 0;
				GCC_PREPROCESSOR_DEFINITIONS = (
					"DEBUG=1",
					"$(inherited)",
				);
				GCC_WARN_64_TO_32_BIT_CONVERSION = YES;
				GCC_WARN_ABOUT_RETURN_TYPE = YES_ERROR;
				GCC_WARN_UNDECLARED_SELECTOR = YES;
				GCC_WARN_UNINITIALIZED_AUTOS = YES_AGGRESSIVE;
				GCC_WARN_UNUSED_FUNCTION = YES;
				GCC_WARN_UNUSED_VARIABLE = YES;
				LOCALIZATION_PREFERS_STRING_CATALOGS = YES;
				MACOSX_DEPLOYMENT_TARGET = 14.5;
				MTL_ENABLE_DEBUG_INFO = INCLUDE_SOURCE;
				MTL_FAST_MATH = YES;
				ONLY_ACTIVE_ARCH = YES;
				SDKROOT = macosx;
				SWIFT_ACTIVE_COMPILATION_CONDITIONS = "DEBUG $(inherited)";
				SWIFT_OPTIMIZATION_LEVEL = "-Onone";
			};
			name = Debug;
		};
		CF690EC52C87FC20003277C3 /* Release */ = {
			isa = XCBuildConfiguration;
			buildSettings = {
				ALWAYS_SEARCH_USER_PATHS = NO;
				ASSETCATALOG_COMPILER_GENERATE_SWIFT_ASSET_SYMBOL_EXTENSIONS = YES;
				CLANG_ANALYZER_NONNULL = YES;
				CLANG_ANALYZER_NUMBER_OBJECT_CONVERSION = YES_AGGRESSIVE;
				CLANG_CXX_LANGUAGE_STANDARD = "gnu++20";
				CLANG_ENABLE_MODULES = YES;
				CLANG_ENABLE_OBJC_ARC = YES;
				CLANG_ENABLE_OBJC_WEAK = YES;
				CLANG_WARN_BLOCK_CAPTURE_AUTORELEASING = YES;
				CLANG_WARN_BOOL_CONVERSION = YES;
				CLANG_WARN_COMMA = YES;
				CLANG_WARN_CONSTANT_CONVERSION = YES;
				CLANG_WARN_DEPRECATED_OBJC_IMPLEMENTATIONS = YES;
				CLANG_WARN_DIRECT_OBJC_ISA_USAGE = YES_ERROR;
				CLANG_WARN_DOCUMENTATION_COMMENTS = YES;
				CLANG_WARN_EMPTY_BODY = YES;
				CLANG_WARN_ENUM_CONVERSION = YES;
				CLANG_WARN_INFINITE_RECURSION = YES;
				CLANG_WARN_INT_CONVERSION = YES;
				CLANG_WARN_NON_LITERAL_NULL_CONVERSION = YES;
				CLANG_WARN_OBJC_IMPLICIT_RETAIN_SELF = YES;
				CLANG_WARN_OBJC_LITERAL_CONVERSION = YES;
				CLANG_WARN_OBJC_ROOT_CLASS = YES_ERROR;
				CLANG_WARN_QUOTED_INCLUDE_IN_FRAMEWORK_HEADER = YES;
				CLANG_WARN_RANGE_LOOP_ANALYSIS = YES;
				CLANG_WARN_STRICT_PROTOTYPES = YES;
				CLANG_WARN_SUSPICIOUS_MOVE = YES;
				CLANG_WARN_UNGUARDED_AVAILABILITY = YES_AGGRESSIVE;
				CLANG_WARN_UNREACHABLE_CODE = YES;
				CLANG_WARN__DUPLICATE_METHOD_MATCH = YES;
				COPY_PHASE_STRIP = NO;
				DEBUG_INFORMATION_FORMAT = "dwarf-with-dsym";
				ENABLE_NS_ASSERTIONS = NO;
				ENABLE_STRICT_OBJC_MSGSEND = YES;
				ENABLE_USER_SCRIPT_SANDBOXING = YES;
				GCC_C_LANGUAGE_STANDARD = gnu17;
				GCC_NO_COMMON_BLOCKS = YES;
				GCC_WARN_64_TO_32_BIT_CONVERSION = YES;
				GCC_WARN_ABOUT_RETURN_TYPE = YES_ERROR;
				GCC_WARN_UNDECLARED_SELECTOR = YES;
				GCC_WARN_UNINITIALIZED_AUTOS = YES_AGGRESSIVE;
				GCC_WARN_UNUSED_FUNCTION = YES;
				GCC_WARN_UNUSED_VARIABLE = YES;
				LOCALIZATION_PREFERS_STRING_CATALOGS = YES;
				MACOSX_DEPLOYMENT_TARGET = 14.5;
				MTL_ENABLE_DEBUG_INFO = NO;
				MTL_FAST_MATH = YES;
				SDKROOT = macosx;
				SWIFT_COMPILATION_MODE = wholemodule;
			};
			name = Release;
		};
		CF690EC72C87FC20003277C3 /* Debug */ = {
			isa = XCBuildConfiguration;
			buildSettings = {
				ASSETCATALOG_COMPILER_APPICON_NAME = AppIcon;
				ASSETCATALOG_COMPILER_GLOBAL_ACCENT_COLOR_NAME = AccentColor;
				CODE_SIGN_ENTITLEMENTS = miniiurl/miniiurl.entitlements;
				CODE_SIGN_STYLE = Automatic;
				COMBINE_HIDPI_IMAGES = YES;
				CURRENT_PROJECT_VERSION = 1;
				DEVELOPMENT_ASSET_PATHS = "\"miniiurl/Preview Content\"";
				ENABLE_PREVIEWS = YES;
				GENERATE_INFOPLIST_FILE = YES;
				INFOPLIST_KEY_NSHumanReadableCopyright = "";
				LD_RUNPATH_SEARCH_PATHS = (
					"$(inherited)",
					"@executable_path/../Frameworks",
				);
				MARKETING_VERSION = 1.0;
				PRODUCT_BUNDLE_IDENTIFIER = mambatukaa.miniiurl;
				PRODUCT_NAME = "$(TARGET_NAME)";
				SWIFT_EMIT_LOC_STRINGS = YES;
				SWIFT_VERSION = 5.0;
			};
			name = Debug;
		};
		CF690EC82C87FC20003277C3 /* Release */ = {
			isa = XCBuildConfiguration;
			buildSettings = {
				ASSETCATALOG_COMPILER_APPICON_NAME = AppIcon;
				ASSETCATALOG_COMPILER_GLOBAL_ACCENT_COLOR_NAME = AccentColor;
				CODE_SIGN_ENTITLEMENTS = miniiurl/miniiurl.entitlements;
				CODE_SIGN_STYLE = Automatic;
				COMBINE_HIDPI_IMAGES = YES;
				CURRENT_PROJECT_VERSION = 1;
				DEVELOPMENT_ASSET_PATHS = "\"miniiurl/Preview Content\"";
				ENABLE_PREVIEWS = YES;
				GENERATE_INFOPLIST_FILE = YES;
				INFOPLIST_KEY_NSHumanReadableCopyright = "";
				LD_RUNPATH_SEARCH_PATHS = (
					"$(inherited)",
					"@executable_path/../Frameworks",
				);
				MARKETING_VERSION = 1.0;
				PRODUCT_BUNDLE_IDENTIFIER = mambatukaa.miniiurl;
				PRODUCT_NAME = "$(TARGET_NAME)";
				SWIFT_EMIT_LOC_STRINGS = YES;
				SWIFT_VERSION = 5.0;
			};
			name = Release;
		};
		CF690ECA2C87FC20003277C3 /* Debug */ = {
			isa = XCBuildConfiguration;
			buildSettings = {
				ALWAYS_EMBED_SWIFT_STANDARD_LIBRARIES = YES;
				BUNDLE_LOADER = "$(TEST_HOST)";
				CODE_SIGN_STYLE = Automatic;
				CURRENT_PROJECT_VERSION = 1;
				GENERATE_INFOPLIST_FILE = YES;
				MACOSX_DEPLOYMENT_TARGET = 14.5;
				MARKETING_VERSION = 1.0;
				PRODUCT_BUNDLE_IDENTIFIER = mambatukaa.miniiurlTests;
				PRODUCT_NAME = "$(TARGET_NAME)";
				SWIFT_EMIT_LOC_STRINGS = NO;
				SWIFT_VERSION = 5.0;
				TEST_HOST = "$(BUILT_PRODUCTS_DIR)/miniiurl.app/$(BUNDLE_EXECUTABLE_FOLDER_PATH)/miniiurl";
			};
			name = Debug;
		};
		CF690ECB2C87FC20003277C3 /* Release */ = {
			isa = XCBuildConfiguration;
			buildSettings = {
				ALWAYS_EMBED_SWIFT_STANDARD_LIBRARIES = YES;
				BUNDLE_LOADER = "$(TEST_HOST)";
				CODE_SIGN_STYLE = Automatic;
				CURRENT_PROJECT_VERSION = 1;
				GENERATE_INFOPLIST_FILE = YES;
				MACOSX_DEPLOYMENT_TARGET = 14.5;
				MARKETING_VERSION = 1.0;
				PRODUCT_BUNDLE_IDENTIFIER = mambatukaa.miniiurlTests;
				PRODUCT_NAME = "$(TARGET_NAME)";
				SWIFT_EMIT_LOC_STRINGS = NO;
				SWIFT_VERSION = 5.0;
				TEST_HOST = "$(BUILT_PRODUCTS_DIR)/miniiurl.app/$(BUNDLE_EXECUTABLE_FOLDER_PATH)/miniiurl";
			};
			name = Release;
		};
		CF690ECD2C87FC20003277C3 /* Debug */ = {
			isa = XCBuildConfiguration;
			buildSettings = {
				ALWAYS_EMBED_SWIFT_STANDARD_LIBRARIES = YES;
				CODE_SIGN_STYLE = Automatic;
				CURRENT_PROJECT_VERSION = 1;
				GENERATE_INFOPLIST_FILE = YES;
				MARKETING_VERSION = 1.0;
				PRODUCT_BUNDLE_IDENTIFIER = mambatukaa.miniiurlUITests;
				PRODUCT_NAME = "$(TARGET_NAME)";
				SWIFT_EMIT_LOC_STRINGS = NO;
				SWIFT_VERSION = 5.0;
				TEST_TARGET_NAME = miniiurl;
			};
			name = Debug;
		};
		CF690ECE2C87FC20003277C3 /* Release */ = {
			isa = XCBuildConfiguration;
			buildSettings = {
				ALWAYS_EMBED_SWIFT_STANDARD_LIBRARIES = YES;
				CODE_SIGN_STYLE = Automatic;
				CURRENT_PROJECT_VERSION = 1;
				GENERATE_INFOPLIST_FILE = YES;
				MARKETING_VERSION = 1.0;
				PRODUCT_BUNDLE_IDENTIFIER = mambatukaa.miniiurlUITests;
				PRODUCT_NAME = "$(TARGET_NAME)";
				SWIFT_EMIT_LOC_STRINGS = NO;
				SWIFT_VERSION = 5.0;
				TEST_TARGET_NAME = miniiurl;
			};
			name = Release;
		};
/* End XCBuildConfiguration section */

/* Begin XCConfigurationList section */
		CF690E9C2C87FC1E003277C3 /* Build configuration list for PBXProject "miniiurl" */ = {
			isa = XCConfigurationList;
			buildConfigurations = (
				CF690EC42C87FC20003277C3 /* Debug */,
				CF690EC52C87FC20003277C3 /* Release */,
			);
			defaultConfigurationIsVisible = 0;
			defaultConfigurationName = Release;
		};
		CF690EC62C87FC20003277C3 /* Build configuration list for PBXNativeTarget "miniiurl" */ = {
			isa = XCConfigurationList;
			buildConfigurations = (
				CF690EC72C87FC20003277C3 /* Debug */,
				CF690EC82C87FC20003277C3 /* Release */,
			);
			defaultConfigurationIsVisible = 0;
			defaultConfigurationName = Release;
		};
		CF690EC92C87FC20003277C3 /* Build configuration list for PBXNativeTarget "miniiurlTests" */ = {
			isa = XCConfigurationList;
			buildConfigurations = (
				CF690ECA2C87FC20003277C3 /* Debug */,
				CF690ECB2C87FC20003277C3 /* Release */,
			);
			defaultConfigurationIsVisible = 0;
			defaultConfigurationName = Release;
		};
		CF690ECC2C87FC20003277C3 /* Build configuration list for PBXNativeTarget "miniiurlUITests" */ = {
			isa = XCConfigurationList;
			buildConfigurations = (
				CF690ECD2C87FC20003277C3 /* Debug */,
				CF690ECE2C87FC20003277C3 /* Release */,
			);
			defaultConfigurationIsVisible = 0;
			defaultConfigurationName = Release;
		};
/* End XCConfigurationList section */
	};
	rootObject = CF690E992C87FC1E003277C3 /* Project object */;
}
